
Microsoft Visual Studio Solution File, Format Version 12.00
# Visual Studio 14
VisualStudioVersion = 14.0.24720.0
MinimumVisualStudioVersion = 10.0.40219.1
Project("{A07B5EB6-E848-4116-A8D0-A826331D98C6}") = "NamingApplication1", "NamingApplication1\NamingApplication1.sfproj", "{2AA0E2CC-B205-4FBD-9C4F-370E77163FDC}"
EndProject
Project("{FAE04EC0-301F-11D3-BF4B-00C04F79EFBC}") = "NamingService1", "NamingService1\NamingService1.csproj", "{0CBB02F8-62E5-41AF-9792-8264C499ACBC}"
EndProject
Project("{FAE04EC0-301F-11D3-BF4B-00C04F79EFBC}") = "NamingService2", "NamingService2\NamingService2.csproj", "{C9849D99-057F-45C9-A8FE-FA6A8976F959}"
EndProject
Project("{A07B5EB6-E848-4116-A8D0-A826331D98C6}") = "Queuing1", "Queuing1\Queuing1.sfproj", "{FD226B66-6CBA-45B7-A8C6-EF696A0BF93A}"
EndProject
Project("{FAE04EC0-301F-11D3-BF4B-00C04F79EFBC}") = "QueuingService1", "QueuingService1\QueuingService1.csproj", "{ECCD1115-77C5-4161-989C-76C5E142AA5C}"
EndProject
Project("{FAE04EC0-301F-11D3-BF4B-00C04F79EFBC}") = "QueuingService2", "QueuingService2\QueuingService2.csproj", "{051C0231-248F-4B07-96DA-9D69D3A555F3}"
EndProject
Project("{FAE04EC0-301F-11D3-BF4B-00C04F79EFBC}") = "QueuingService3", "QueuingService3\QueuingService3.csproj", "{EE57BE68-1BCC-450D-B7C2-E40570CA37DE}"
EndProject
Project("{A07B5EB6-E848-4116-A8D0-A826331D98C6}") = "DictionaryApplication1", "DictionaryApplication1\DictionaryApplication1.sfproj", "{D092F44E-2E5C-404B-BDD3-84CF38F7FE94}"
EndProject
Project("{FAE04EC0-301F-11D3-BF4B-00C04F79EFBC}") = "DictionaryService1", "DictionaryService1\DictionaryService1.csproj", "{9D2E4213-3F75-4143-83B0-226935FDCE2E}"
EndProject
Project("{A07B5EB6-E848-4116-A8D0-A826331D98C6}") = "TimingApplication1", "TimingApplication1\TimingApplication1.sfproj", "{7C3B2CBC-E836-423B-8D6B-4879BEB2EF80}"
EndProject
Project("{FAE04EC0-301F-11D3-BF4B-00C04F79EFBC}") = "TimingService1", "TimingService1\TimingService1.csproj", "{B6AD174D-786D-48C1-9994-F3459BCE7097}"
EndProject
Project("{A07B5EB6-E848-4116-A8D0-A826331D98C6}") = "TimingApplication2", "TimingApplication2\TimingApplication2.sfproj", "{1889894A-F735-4D15-B7F2-EAD315677E39}"
EndProject
Project("{FAE04EC0-301F-11D3-BF4B-00C04F79EFBC}") = "TimingActor1", "TimingActor1\TimingActor1.csproj", "{F5C5C445-F85B-48E4-9FE5-84A4366976A5}"
EndProject
Project("{FAE04EC0-301F-11D3-BF4B-00C04F79EFBC}") = "TimingActor1.Interfaces", "TimingActor1.Interfaces\TimingActor1.Interfaces.csproj", "{87B0BB0B-8DE3-4235-951C-C588910F47BA}"
EndProject
Project("{FAE04EC0-301F-11D3-BF4B-00C04F79EFBC}") = "TimingStateless1", "TimingStateless1\TimingStateless1.csproj", "{3CE2B0E1-421A-442F-86F8-F2BE729B5DAD}"
EndProject
Project("{A07B5EB6-E848-4116-A8D0-A826331D98C6}") = "TimingApplication3", "TimingApplication3\TimingApplication3.sfproj", "{D2E57B8D-3BBC-4CBF-BECB-239E847A4964}"
EndProject
Project("{FAE04EC0-301F-11D3-BF4B-00C04F79EFBC}") = "TimingService31", "TimingService31\TimingService31.csproj", "{249238C5-FA81-46C8-B3BF-F19B783C4EEE}"
EndProject
Global
	GlobalSection(SolutionConfigurationPlatforms) = preSolution
		Debug|x64 = Debug|x64
		Release|x64 = Release|x64
	EndGlobalSection
	GlobalSection(ProjectConfigurationPlatforms) = postSolution
		{2AA0E2CC-B205-4FBD-9C4F-370E77163FDC}.Debug|x64.ActiveCfg = Debug|x64
		{2AA0E2CC-B205-4FBD-9C4F-370E77163FDC}.Debug|x64.Build.0 = Debug|x64
		{2AA0E2CC-B205-4FBD-9C4F-370E77163FDC}.Debug|x64.Deploy.0 = Debug|x64
		{2AA0E2CC-B205-4FBD-9C4F-370E77163FDC}.Release|x64.ActiveCfg = Release|x64
		{2AA0E2CC-B205-4FBD-9C4F-370E77163FDC}.Release|x64.Build.0 = Release|x64
		{2AA0E2CC-B205-4FBD-9C4F-370E77163FDC}.Release|x64.Deploy.0 = Release|x64
		{0CBB02F8-62E5-41AF-9792-8264C499ACBC}.Debug|x64.ActiveCfg = Debug|x64
		{0CBB02F8-62E5-41AF-9792-8264C499ACBC}.Debug|x64.Build.0 = Debug|x64
		{0CBB02F8-62E5-41AF-9792-8264C499ACBC}.Release|x64.ActiveCfg = Release|x64
		{0CBB02F8-62E5-41AF-9792-8264C499ACBC}.Release|x64.Build.0 = Release|x64
		{C9849D99-057F-45C9-A8FE-FA6A8976F959}.Debug|x64.ActiveCfg = Debug|x64
		{C9849D99-057F-45C9-A8FE-FA6A8976F959}.Debug|x64.Build.0 = Debug|x64
		{C9849D99-057F-45C9-A8FE-FA6A8976F959}.Release|x64.ActiveCfg = Release|x64
		{C9849D99-057F-45C9-A8FE-FA6A8976F959}.Release|x64.Build.0 = Release|x64
		{FD226B66-6CBA-45B7-A8C6-EF696A0BF93A}.Debug|x64.ActiveCfg = Debug|x64
		{FD226B66-6CBA-45B7-A8C6-EF696A0BF93A}.Debug|x64.Build.0 = Debug|x64
		{FD226B66-6CBA-45B7-A8C6-EF696A0BF93A}.Debug|x64.Deploy.0 = Debug|x64
		{FD226B66-6CBA-45B7-A8C6-EF696A0BF93A}.Release|x64.ActiveCfg = Release|x64
		{FD226B66-6CBA-45B7-A8C6-EF696A0BF93A}.Release|x64.Build.0 = Release|x64
		{FD226B66-6CBA-45B7-A8C6-EF696A0BF93A}.Release|x64.Deploy.0 = Release|x64
		{ECCD1115-77C5-4161-989C-76C5E142AA5C}.Debug|x64.ActiveCfg = Debug|x64
		{ECCD1115-77C5-4161-989C-76C5E142AA5C}.Debug|x64.Build.0 = Debug|x64
		{ECCD1115-77C5-4161-989C-76C5E142AA5C}.Release|x64.ActiveCfg = Release|x64
		{ECCD1115-77C5-4161-989C-76C5E142AA5C}.Release|x64.Build.0 = Release|x64
		{051C0231-248F-4B07-96DA-9D69D3A555F3}.Debug|x64.ActiveCfg = Debug|x64
		{051C0231-248F-4B07-96DA-9D69D3A555F3}.Debug|x64.Build.0 = Debug|x64
		{051C0231-248F-4B07-96DA-9D69D3A555F3}.Release|x64.ActiveCfg = Release|x64
		{051C0231-248F-4B07-96DA-9D69D3A555F3}.Release|x64.Build.0 = Release|x64
		{EE57BE68-1BCC-450D-B7C2-E40570CA37DE}.Debug|x64.ActiveCfg = Debug|x64
		{EE57BE68-1BCC-450D-B7C2-E40570CA37DE}.Debug|x64.Build.0 = Debug|x64
		{EE57BE68-1BCC-450D-B7C2-E40570CA37DE}.Release|x64.ActiveCfg = Release|x64
		{EE57BE68-1BCC-450D-B7C2-E40570CA37DE}.Release|x64.Build.0 = Release|x64
		{D092F44E-2E5C-404B-BDD3-84CF38F7FE94}.Debug|x64.ActiveCfg = Debug|x64
		{D092F44E-2E5C-404B-BDD3-84CF38F7FE94}.Debug|x64.Build.0 = Debug|x64
		{D092F44E-2E5C-404B-BDD3-84CF38F7FE94}.Debug|x64.Deploy.0 = Debug|x64
		{D092F44E-2E5C-404B-BDD3-84CF38F7FE94}.Release|x64.ActiveCfg = Release|x64
		{D092F44E-2E5C-404B-BDD3-84CF38F7FE94}.Release|x64.Build.0 = Release|x64
		{D092F44E-2E5C-404B-BDD3-84CF38F7FE94}.Release|x64.Deploy.0 = Release|x64
		{9D2E4213-3F75-4143-83B0-226935FDCE2E}.Debug|x64.ActiveCfg = Debug|x64
		{9D2E4213-3F75-4143-83B0-226935FDCE2E}.Debug|x64.Build.0 = Debug|x64
		{9D2E4213-3F75-4143-83B0-226935FDCE2E}.Release|x64.ActiveCfg = Release|x64
		{9D2E4213-3F75-4143-83B0-226935FDCE2E}.Release|x64.Build.0 = Release|x64
		{7C3B2CBC-E836-423B-8D6B-4879BEB2EF80}.Debug|x64.ActiveCfg = Debug|x64
		{7C3B2CBC-E836-423B-8D6B-4879BEB2EF80}.Debug|x64.Build.0 = Debug|x64
		{7C3B2CBC-E836-423B-8D6B-4879BEB2EF80}.Debug|x64.Deploy.0 = Debug|x64
		{7C3B2CBC-E836-423B-8D6B-4879BEB2EF80}.Release|x64.ActiveCfg = Release|x64
		{7C3B2CBC-E836-423B-8D6B-4879BEB2EF80}.Release|x64.Build.0 = Release|x64
		{7C3B2CBC-E836-423B-8D6B-4879BEB2EF80}.Release|x64.Deploy.0 = Release|x64
		{B6AD174D-786D-48C1-9994-F3459BCE7097}.Debug|x64.ActiveCfg = Debug|x64
		{B6AD174D-786D-48C1-9994-F3459BCE7097}.Debug|x64.Build.0 = Debug|x64
		{B6AD174D-786D-48C1-9994-F3459BCE7097}.Release|x64.ActiveCfg = Release|x64
		{B6AD174D-786D-48C1-9994-F3459BCE7097}.Release|x64.Build.0 = Release|x64
		{1889894A-F735-4D15-B7F2-EAD315677E39}.Debug|x64.ActiveCfg = Debug|x64
		{1889894A-F735-4D15-B7F2-EAD315677E39}.Debug|x64.Build.0 = Debug|x64
		{1889894A-F735-4D15-B7F2-EAD315677E39}.Debug|x64.Deploy.0 = Debug|x64
		{1889894A-F735-4D15-B7F2-EAD315677E39}.Release|x64.ActiveCfg = Release|x64
		{1889894A-F735-4D15-B7F2-EAD315677E39}.Release|x64.Build.0 = Release|x64
		{1889894A-F735-4D15-B7F2-EAD315677E39}.Release|x64.Deploy.0 = Release|x64
		{F5C5C445-F85B-48E4-9FE5-84A4366976A5}.Debug|x64.ActiveCfg = Debug|x64
		{F5C5C445-F85B-48E4-9FE5-84A4366976A5}.Debug|x64.Build.0 = Debug|x64
		{F5C5C445-F85B-48E4-9FE5-84A4366976A5}.Release|x64.ActiveCfg = Release|x64
		{F5C5C445-F85B-48E4-9FE5-84A4366976A5}.Release|x64.Build.0 = Release|x64
		{87B0BB0B-8DE3-4235-951C-C588910F47BA}.Debug|x64.ActiveCfg = Debug|x64
		{87B0BB0B-8DE3-4235-951C-C588910F47BA}.Debug|x64.Build.0 = Debug|x64
		{87B0BB0B-8DE3-4235-951C-C588910F47BA}.Release|x64.ActiveCfg = Release|x64
		{87B0BB0B-8DE3-4235-951C-C588910F47BA}.Release|x64.Build.0 = Release|x64
		{3CE2B0E1-421A-442F-86F8-F2BE729B5DAD}.Debug|x64.ActiveCfg = Debug|x64
		{3CE2B0E1-421A-442F-86F8-F2BE729B5DAD}.Debug|x64.Build.0 = Debug|x64
		{3CE2B0E1-421A-442F-86F8-F2BE729B5DAD}.Release|x64.ActiveCfg = Release|x64
		{3CE2B0E1-421A-442F-86F8-F2BE729B5DAD}.Release|x64.Build.0 = Release|x64
		{D2E57B8D-3BBC-4CBF-BECB-239E847A4964}.Debug|x64.ActiveCfg = Debug|x64
		{D2E57B8D-3BBC-4CBF-BECB-239E847A4964}.Debug|x64.Build.0 = Debug|x64
		{D2E57B8D-3BBC-4CBF-BECB-239E847A4964}.Debug|x64.Deploy.0 = Debug|x64
		{D2E57B8D-3BBC-4CBF-BECB-239E847A4964}.Release|x64.ActiveCfg = Release|x64
		{D2E57B8D-3BBC-4CBF-BECB-239E847A4964}.Release|x64.Build.0 = Release|x64
		{D2E57B8D-3BBC-4CBF-BECB-239E847A4964}.Release|x64.Deploy.0 = Release|x64
		{249238C5-FA81-46C8-B3BF-F19B783C4EEE}.Debug|x64.ActiveCfg = Debug|x64
		{249238C5-FA81-46C8-B3BF-F19B783C4EEE}.Debug|x64.Build.0 = Debug|x64
		{249238C5-FA81-46C8-B3BF-F19B783C4EEE}.Release|x64.ActiveCfg = Release|x64
		{249238C5-FA81-46C8-B3BF-F19B783C4EEE}.Release|x64.Build.0 = Release|x64
	EndGlobalSection
	GlobalSection(SolutionProperties) = preSolution
		HideSolutionNode = FALSE
	EndGlobalSection
EndGlobal
